
Microsoft Visual Studio Solution File, Format Version 12.00
# Visual Studio Version 16
VisualStudioVersion = 16.0.29102.190
MinimumVisualStudioVersion = 10.0.40219.1
Project("{9A19103F-16F7-4668-BE54-9A1E7A4F7556}") = "CodeLibrary", "CodeLibrary\CodeLibrary.csproj", "{39A109CA-0B6D-442F-9685-3178D0AECB85}"
EndProject
Project("{FAE04EC0-301F-11D3-BF4B-00C04F79EFBC}") = "LeetCode", "LeetCode\LeetCode.csproj", "{75FB81D8-98F4-4BBE-B671-2E3D218298CF}"
EndProject
Global
	GlobalSection(SolutionConfigurationPlatforms) = preSolution
		Debug|Any CPU = Debug|Any CPU
		Release|Any CPU = Release|Any CPU
	EndGlobalSection
	GlobalSection(ProjectConfigurationPlatforms) = postSolution
		{39A109CA-0B6D-442F-9685-3178D0AECB85}.Debug|Any CPU.ActiveCfg = Debug|Any CPU
		{39A109CA-0B6D-442F-9685-3178D0AECB85}.Debug|Any CPU.Build.0 = Debug|Any CPU
		{39A109CA-0B6D-442F-9685-3178D0AECB85}.Release|Any CPU.ActiveCfg = Release|Any CPU
		{39A109CA-0B6D-442F-9685-3178D0AECB85}.Release|Any CPU.Build.0 = Release|Any CPU
		{75FB81D8-98F4-4BBE-B671-2E3D218298CF}.Debug|Any CPU.ActiveCfg = Debug|Any CPU
		{75FB81D8-98F4-4BBE-B671-2E3D218298CF}.Debug|Any CPU.Build.0 = Debug|Any CPU
		{75FB81D8-98F4-4BBE-B671-2E3D218298CF}.Release|Any CPU.ActiveCfg = Release|Any CPU
		{75FB81D8-98F4-4BBE-B671-2E3D218298CF}.Release|Any CPU.Build.0 = Release|Any CPU
	EndGlobalSection
	GlobalSection(SolutionProperties) = preSolution
		HideSolutionNode = FALSE
	EndGlobalSection
	GlobalSection(ExtensibilityGlobals) = postSolution
		SolutionGuid = {9E957DEB-3D52-4CF9-872C-E2BC946FBE3F}
	EndGlobalSection
EndGlobal
